github.com/gorilla/websocket v1.4.2 h1:+/TMaTYc4QFitKJxsQ7Yye35DkWvkdLcvGKqM+x0Ufc=
github.com/gorilla/websocket v1.4.2/go.mod h1:YR8l580nyteQvAITg2hZ9XVh4b55+EU/adAjf1fMHhE=
gopkg.in/olahol/melody.v1 v1.0.0-20170518105555-d52139073376 h1:sY2a+y0j4iDrajJcorb+a0hJIQ6uakU5gybjfLWHlXo=
gopkg.in/olahol/melody.v1 v1.0.0-20170518105555-d52139073376/go.mod h1:BHKOc1m5wm8WwQkMqYBoo4vNxhmF7xg8+xhG8L+Cy3M=
